
Microsoft Visual Studio Solution File, Format Version 12.00
# Visual Studio 15
Project("{FAE04EC0-301F-11D3-BF4B-00C04F79EFBC}") = "Assembly-CSharp-firstpass", "Assembly-CSharp-firstpass.csproj", "{5F841549-FABB-EA9E-4169-910343171A55}"
EndProject
Project("{FAE04EC0-301F-11D3-BF4B-00C04F79EFBC}") = "Assembly-CSharp", "Assembly-CSharp.csproj", "{A39BDBC2-C87D-AF92-D171-B7AAD9F07486}"
EndProject
Project("{FAE04EC0-301F-11D3-BF4B-00C04F79EFBC}") = "Assembly-CSharp-Editor-firstpass", "Assembly-CSharp-Editor-firstpass.csproj", "{85E1C97C-2EE3-1700-C509-A3759DE448B7}"
EndProject
Project("{FAE04EC0-301F-11D3-BF4B-00C04F79EFBC}") = "Assembly-CSharp-Editor", "Assembly-CSharp-Editor.csproj", "{828B1302-4866-B9FB-84EF-A274DDBE99EA}"
EndProject
Global
	GlobalSection(SolutionConfigurationPlatforms) = preSolution
		Debug|Any CPU = Debug|Any CPU
		Release|Any CPU = Release|Any CPU
	EndGlobalSection
	GlobalSection(ProjectConfigurationPlatforms) = postSolution
		{5F841549-FABB-EA9E-4169-910343171A55}.Debug|Any CPU.ActiveCfg = Debug|Any CPU
		{5F841549-FABB-EA9E-4169-910343171A55}.Debug|Any CPU.Build.0 = Debug|Any CPU
		{5F841549-FABB-EA9E-4169-910343171A55}.Release|Any CPU.ActiveCfg = Release|Any CPU
		{5F841549-FABB-EA9E-4169-910343171A55}.Release|Any CPU.Build.0 = Release|Any CPU
		{A39BDBC2-C87D-AF92-D171-B7AAD9F07486}.Debug|Any CPU.ActiveCfg = Debug|Any CPU
		{A39BDBC2-C87D-AF92-D171-B7AAD9F07486}.Debug|Any CPU.Build.0 = Debug|Any CPU
		{A39BDBC2-C87D-AF92-D171-B7AAD9F07486}.Release|Any CPU.ActiveCfg = Release|Any CPU
		{A39BDBC2-C87D-AF92-D171-B7AAD9F07486}.Release|Any CPU.Build.0 = Release|Any CPU
		{85E1C97C-2EE3-1700-C509-A3759DE448B7}.Debug|Any CPU.ActiveCfg = Debug|Any CPU
		{85E1C97C-2EE3-1700-C509-A3759DE448B7}.Debug|Any CPU.Build.0 = Debug|Any CPU
		{85E1C97C-2EE3-1700-C509-A3759DE448B7}.Release|Any CPU.ActiveCfg = Release|Any CPU
		{85E1C97C-2EE3-1700-C509-A3759DE448B7}.Release|Any CPU.Build.0 = Release|Any CPU
		{828B1302-4866-B9FB-84EF-A274DDBE99EA}.Debug|Any CPU.ActiveCfg = Debug|Any CPU
		{828B1302-4866-B9FB-84EF-A274DDBE99EA}.Debug|Any CPU.Build.0 = Debug|Any CPU
		{828B1302-4866-B9FB-84EF-A274DDBE99EA}.Release|Any CPU.ActiveCfg = Release|Any CPU
		{828B1302-4866-B9FB-84EF-A274DDBE99EA}.Release|Any CPU.Build.0 = Release|Any CPU
	EndGlobalSection
	GlobalSection(SolutionProperties) = preSolution
		HideSolutionNode = FALSE
	EndGlobalSection
EndGlobal
